
Microsoft Visual Studio Solution File, Format Version 12.00
Project("{FAE04EC0-301F-11D3-BF4B-00C04F79EFBC}") = "Aufgabe_1", "Aufgabe_1\Aufgabe_1.csproj", "{7ACAC6B1-6B82-42ED-A3AF-2A82EA939B53}"
EndProject
Project("{FAE04EC0-301F-11D3-BF4B-00C04F79EFBC}") = "Aufgabe_02", "Aufgabe_02\Aufgabe_02.csproj", "{C5DD8063-B91A-4D42-94A8-31BB4B3FB1CA}"
EndProject
Global
	GlobalSection(SolutionConfigurationPlatforms) = preSolution
		Debug|Any CPU = Debug|Any CPU
		Release|Any CPU = Release|Any CPU
	EndGlobalSection
	GlobalSection(ProjectConfigurationPlatforms) = postSolution
		{7ACAC6B1-6B82-42ED-A3AF-2A82EA939B53}.Debug|Any CPU.ActiveCfg = Debug|Any CPU
		{7ACAC6B1-6B82-42ED-A3AF-2A82EA939B53}.Debug|Any CPU.Build.0 = Debug|Any CPU
		{7ACAC6B1-6B82-42ED-A3AF-2A82EA939B53}.Release|Any CPU.ActiveCfg = Release|Any CPU
		{7ACAC6B1-6B82-42ED-A3AF-2A82EA939B53}.Release|Any CPU.Build.0 = Release|Any CPU
		{C5DD8063-B91A-4D42-94A8-31BB4B3FB1CA}.Debug|Any CPU.ActiveCfg = Debug|Any CPU
		{C5DD8063-B91A-4D42-94A8-31BB4B3FB1CA}.Debug|Any CPU.Build.0 = Debug|Any CPU
		{C5DD8063-B91A-4D42-94A8-31BB4B3FB1CA}.Release|Any CPU.ActiveCfg = Release|Any CPU
		{C5DD8063-B91A-4D42-94A8-31BB4B3FB1CA}.Release|Any CPU.Build.0 = Release|Any CPU
	EndGlobalSection
EndGlobal
