
Microsoft Visual Studio Solution File, Format Version 12.00
Project("{FAE04EC0-301F-11D3-BF4B-00C04F79EFBC}") = "Aufgabe_01", "Aufgabe_01\Aufgabe_01.csproj", "{7ACAC6B1-6B82-42ED-A3AF-2A82EA939B53}"
EndProject
Project("{FAE04EC0-301F-11D3-BF4B-00C04F79EFBC}") = "Aufgabe_02", "Aufgabe_02\Aufgabe_02.csproj", "{C5DD8063-B91A-4D42-94A8-31BB4B3FB1CA}"
EndProject
Project("{FAE04EC0-301F-11D3-BF4B-00C04F79EFBC}") = "Aufgabe_03", "Aufgabe_03\Aufgabe_03.csproj", "{5569104B-90F7-4772-859A-EED8AD1516DD}"
EndProject
Project("{FAE04EC0-301F-11D3-BF4B-00C04F79EFBC}") = "Aufgabe_04", "Aufgabe_04\Aufgabe_04.csproj", "{421954DE-9ED6-4EF7-B4C2-D574A5F39236}"
EndProject
Project("{FAE04EC0-301F-11D3-BF4B-00C04F79EFBC}") = "Aufgabe_05", "Aufgabe_05\Aufgabe_05.csproj", "{3E4251DD-65B1-4504-804D-D748E022A865}"
EndProject
Project("{FAE04EC0-301F-11D3-BF4B-00C04F79EFBC}") = "Aufgabe_06", "Aufgabe_06\Aufgabe_06.csproj", "{F194BE58-B3AB-4C8A-881E-F43A7445113B}"
EndProject
Project("{FAE04EC0-301F-11D3-BF4B-00C04F79EFBC}") = "Aufgabe_07", "Aufgabe_07\Aufgabe_07.csproj", "{64E0AEB9-6CA9-4147-8344-50C6FDC4EFD6}"
EndProject
Project("{FAE04EC0-301F-11D3-BF4B-00C04F79EFBC}") = "Aufgabe_08", "Aufgabe_08\Aufgabe_08.csproj", "{D4B5C895-B129-4ABF-8AEE-5E422B9DA407}"
EndProject
Project("{FAE04EC0-301F-11D3-BF4B-00C04F79EFBC}") = "Aufgabe_09", "Aufgabe_09\Aufgabe_09.csproj", "{C4CE273A-65D0-488B-A542-58B9219ED213}"
EndProject
Project("{FAE04EC0-301F-11D3-BF4B-00C04F79EFBC}") = "Aufgabe_10", "Aufgabe_10\Aufgabe_10.csproj", "{38F2E761-5835-49F9-9807-3436850A6F49}"
EndProject
Project("{FAE04EC0-301F-11D3-BF4B-00C04F79EFBC}") = "Aufgabe_11", "Aufgabe_11\Aufgabe_11.csproj", "{B168DFE2-B56A-4909-AD88-8DEA83F6370A}"
EndProject
Project("{FAE04EC0-301F-11D3-BF4B-00C04F79EFBC}") = "Aufgabe_12", "Aufgabe_12\Aufgabe_12.csproj", "{717B6156-E7F4-4350-B713-E11933CE1B9C}"
EndProject
Project("{FAE04EC0-301F-11D3-BF4B-00C04F79EFBC}") = "Aufgabe_13", "Aufgabe_13\Aufgabe_13.csproj", "{F7D2DC7A-216F-48FB-B530-3B51F089FA1F}"
EndProject
Project("{FAE04EC0-301F-11D3-BF4B-00C04F79EFBC}") = "Aufgabe_14", "Aufgabe_14\Aufgabe_14.csproj", "{B39B9468-890E-42E3-994D-BD98AD161BE7}"
EndProject
Project("{FAE04EC0-301F-11D3-BF4B-00C04F79EFBC}") = "Aufgabe_15", "Aufgabe_15\Aufgabe_15.csproj", "{0E8B4E57-5530-407C-89F1-703805534919}"
EndProject
Project("{FAE04EC0-301F-11D3-BF4B-00C04F79EFBC}") = "Aufgabe_16", "Aufgabe_16\Aufgabe_16.csproj", "{2FB15FD9-5BF9-4741-8B7C-525EB0E68CC4}"
EndProject
Project("{FAE04EC0-301F-11D3-BF4B-00C04F79EFBC}") = "Aufgabe_17", "Aufgabe_17\Aufgabe_17.csproj", "{3306345E-49F5-4FEF-8CA6-7E158AF20167}"
EndProject
Project("{FAE04EC0-301F-11D3-BF4B-00C04F79EFBC}") = "Aufgabe_18", "Aufgabe_18\Aufgabe_18.csproj", "{E87E4E22-D5B1-4AFC-B3BA-1ECBEEE35023}"
EndProject
Global
	GlobalSection(SolutionConfigurationPlatforms) = preSolution
		Debug|Any CPU = Debug|Any CPU
		Release|Any CPU = Release|Any CPU
	EndGlobalSection
	GlobalSection(ProjectConfigurationPlatforms) = postSolution
		{7ACAC6B1-6B82-42ED-A3AF-2A82EA939B53}.Debug|Any CPU.ActiveCfg = Debug|Any CPU
		{7ACAC6B1-6B82-42ED-A3AF-2A82EA939B53}.Debug|Any CPU.Build.0 = Debug|Any CPU
		{7ACAC6B1-6B82-42ED-A3AF-2A82EA939B53}.Release|Any CPU.ActiveCfg = Release|Any CPU
		{7ACAC6B1-6B82-42ED-A3AF-2A82EA939B53}.Release|Any CPU.Build.0 = Release|Any CPU
		{C5DD8063-B91A-4D42-94A8-31BB4B3FB1CA}.Debug|Any CPU.ActiveCfg = Debug|Any CPU
		{C5DD8063-B91A-4D42-94A8-31BB4B3FB1CA}.Debug|Any CPU.Build.0 = Debug|Any CPU
		{C5DD8063-B91A-4D42-94A8-31BB4B3FB1CA}.Release|Any CPU.ActiveCfg = Release|Any CPU
		{C5DD8063-B91A-4D42-94A8-31BB4B3FB1CA}.Release|Any CPU.Build.0 = Release|Any CPU
		{5569104B-90F7-4772-859A-EED8AD1516DD}.Debug|Any CPU.ActiveCfg = Debug|Any CPU
		{5569104B-90F7-4772-859A-EED8AD1516DD}.Debug|Any CPU.Build.0 = Debug|Any CPU
		{5569104B-90F7-4772-859A-EED8AD1516DD}.Release|Any CPU.ActiveCfg = Release|Any CPU
		{5569104B-90F7-4772-859A-EED8AD1516DD}.Release|Any CPU.Build.0 = Release|Any CPU
		{421954DE-9ED6-4EF7-B4C2-D574A5F39236}.Debug|Any CPU.ActiveCfg = Debug|Any CPU
		{421954DE-9ED6-4EF7-B4C2-D574A5F39236}.Debug|Any CPU.Build.0 = Debug|Any CPU
		{421954DE-9ED6-4EF7-B4C2-D574A5F39236}.Release|Any CPU.ActiveCfg = Release|Any CPU
		{421954DE-9ED6-4EF7-B4C2-D574A5F39236}.Release|Any CPU.Build.0 = Release|Any CPU
		{3E4251DD-65B1-4504-804D-D748E022A865}.Debug|Any CPU.ActiveCfg = Debug|Any CPU
		{3E4251DD-65B1-4504-804D-D748E022A865}.Debug|Any CPU.Build.0 = Debug|Any CPU
		{3E4251DD-65B1-4504-804D-D748E022A865}.Release|Any CPU.ActiveCfg = Release|Any CPU
		{3E4251DD-65B1-4504-804D-D748E022A865}.Release|Any CPU.Build.0 = Release|Any CPU
		{F194BE58-B3AB-4C8A-881E-F43A7445113B}.Debug|Any CPU.ActiveCfg = Debug|Any CPU
		{F194BE58-B3AB-4C8A-881E-F43A7445113B}.Debug|Any CPU.Build.0 = Debug|Any CPU
		{F194BE58-B3AB-4C8A-881E-F43A7445113B}.Release|Any CPU.ActiveCfg = Release|Any CPU
		{F194BE58-B3AB-4C8A-881E-F43A7445113B}.Release|Any CPU.Build.0 = Release|Any CPU
		{64E0AEB9-6CA9-4147-8344-50C6FDC4EFD6}.Debug|Any CPU.ActiveCfg = Debug|Any CPU
		{64E0AEB9-6CA9-4147-8344-50C6FDC4EFD6}.Debug|Any CPU.Build.0 = Debug|Any CPU
		{64E0AEB9-6CA9-4147-8344-50C6FDC4EFD6}.Release|Any CPU.ActiveCfg = Release|Any CPU
		{64E0AEB9-6CA9-4147-8344-50C6FDC4EFD6}.Release|Any CPU.Build.0 = Release|Any CPU
		{D4B5C895-B129-4ABF-8AEE-5E422B9DA407}.Debug|Any CPU.ActiveCfg = Debug|Any CPU
		{D4B5C895-B129-4ABF-8AEE-5E422B9DA407}.Debug|Any CPU.Build.0 = Debug|Any CPU
		{D4B5C895-B129-4ABF-8AEE-5E422B9DA407}.Release|Any CPU.ActiveCfg = Release|Any CPU
		{D4B5C895-B129-4ABF-8AEE-5E422B9DA407}.Release|Any CPU.Build.0 = Release|Any CPU
		{C4CE273A-65D0-488B-A542-58B9219ED213}.Debug|Any CPU.ActiveCfg = Debug|Any CPU
		{C4CE273A-65D0-488B-A542-58B9219ED213}.Debug|Any CPU.Build.0 = Debug|Any CPU
		{C4CE273A-65D0-488B-A542-58B9219ED213}.Release|Any CPU.ActiveCfg = Release|Any CPU
		{C4CE273A-65D0-488B-A542-58B9219ED213}.Release|Any CPU.Build.0 = Release|Any CPU
		{38F2E761-5835-49F9-9807-3436850A6F49}.Debug|Any CPU.ActiveCfg = Debug|Any CPU
		{38F2E761-5835-49F9-9807-3436850A6F49}.Debug|Any CPU.Build.0 = Debug|Any CPU
		{38F2E761-5835-49F9-9807-3436850A6F49}.Release|Any CPU.ActiveCfg = Release|Any CPU
		{38F2E761-5835-49F9-9807-3436850A6F49}.Release|Any CPU.Build.0 = Release|Any CPU
		{B168DFE2-B56A-4909-AD88-8DEA83F6370A}.Debug|Any CPU.ActiveCfg = Debug|Any CPU
		{B168DFE2-B56A-4909-AD88-8DEA83F6370A}.Debug|Any CPU.Build.0 = Debug|Any CPU
		{B168DFE2-B56A-4909-AD88-8DEA83F6370A}.Release|Any CPU.ActiveCfg = Release|Any CPU
		{B168DFE2-B56A-4909-AD88-8DEA83F6370A}.Release|Any CPU.Build.0 = Release|Any CPU
		{717B6156-E7F4-4350-B713-E11933CE1B9C}.Debug|Any CPU.ActiveCfg = Debug|Any CPU
		{717B6156-E7F4-4350-B713-E11933CE1B9C}.Debug|Any CPU.Build.0 = Debug|Any CPU
		{717B6156-E7F4-4350-B713-E11933CE1B9C}.Release|Any CPU.ActiveCfg = Release|Any CPU
		{717B6156-E7F4-4350-B713-E11933CE1B9C}.Release|Any CPU.Build.0 = Release|Any CPU
		{F7D2DC7A-216F-48FB-B530-3B51F089FA1F}.Debug|Any CPU.ActiveCfg = Debug|Any CPU
		{F7D2DC7A-216F-48FB-B530-3B51F089FA1F}.Debug|Any CPU.Build.0 = Debug|Any CPU
		{F7D2DC7A-216F-48FB-B530-3B51F089FA1F}.Release|Any CPU.ActiveCfg = Release|Any CPU
		{F7D2DC7A-216F-48FB-B530-3B51F089FA1F}.Release|Any CPU.Build.0 = Release|Any CPU
		{B39B9468-890E-42E3-994D-BD98AD161BE7}.Debug|Any CPU.ActiveCfg = Debug|Any CPU
		{B39B9468-890E-42E3-994D-BD98AD161BE7}.Debug|Any CPU.Build.0 = Debug|Any CPU
		{B39B9468-890E-42E3-994D-BD98AD161BE7}.Release|Any CPU.ActiveCfg = Release|Any CPU
		{B39B9468-890E-42E3-994D-BD98AD161BE7}.Release|Any CPU.Build.0 = Release|Any CPU
		{0E8B4E57-5530-407C-89F1-703805534919}.Debug|Any CPU.ActiveCfg = Debug|Any CPU
		{0E8B4E57-5530-407C-89F1-703805534919}.Debug|Any CPU.Build.0 = Debug|Any CPU
		{0E8B4E57-5530-407C-89F1-703805534919}.Release|Any CPU.ActiveCfg = Release|Any CPU
		{0E8B4E57-5530-407C-89F1-703805534919}.Release|Any CPU.Build.0 = Release|Any CPU
		{2FB15FD9-5BF9-4741-8B7C-525EB0E68CC4}.Debug|Any CPU.ActiveCfg = Debug|Any CPU
		{2FB15FD9-5BF9-4741-8B7C-525EB0E68CC4}.Debug|Any CPU.Build.0 = Debug|Any CPU
		{2FB15FD9-5BF9-4741-8B7C-525EB0E68CC4}.Release|Any CPU.ActiveCfg = Release|Any CPU
		{2FB15FD9-5BF9-4741-8B7C-525EB0E68CC4}.Release|Any CPU.Build.0 = Release|Any CPU
		{3306345E-49F5-4FEF-8CA6-7E158AF20167}.Debug|Any CPU.ActiveCfg = Debug|Any CPU
		{3306345E-49F5-4FEF-8CA6-7E158AF20167}.Debug|Any CPU.Build.0 = Debug|Any CPU
		{3306345E-49F5-4FEF-8CA6-7E158AF20167}.Release|Any CPU.ActiveCfg = Release|Any CPU
		{3306345E-49F5-4FEF-8CA6-7E158AF20167}.Release|Any CPU.Build.0 = Release|Any CPU
		{E87E4E22-D5B1-4AFC-B3BA-1ECBEEE35023}.Debug|Any CPU.ActiveCfg = Debug|Any CPU
		{E87E4E22-D5B1-4AFC-B3BA-1ECBEEE35023}.Debug|Any CPU.Build.0 = Debug|Any CPU
		{E87E4E22-D5B1-4AFC-B3BA-1ECBEEE35023}.Release|Any CPU.ActiveCfg = Release|Any CPU
		{E87E4E22-D5B1-4AFC-B3BA-1ECBEEE35023}.Release|Any CPU.Build.0 = Release|Any CPU
	EndGlobalSection
EndGlobal
